
Microsoft Visual Studio Solution File, Format Version 12.00
# Visual Studio Version 17
VisualStudioVersion = 17.0.31825.309
MinimumVisualStudioVersion = 10.0.40219.1
Project("{9A19103F-16F7-4668-BE54-9A1E7A4F7556}") = "GEMEscolar", "..\GEMEscolar\GEMEscolar.csproj", "{492E7E45-9F0D-4FEE-BD79-4CDD9A785E7C}"
EndProject
Project("{2150E333-8FDC-42A3-9474-1A3956D46DE8}") = "Infra", "Infra", "{729034D1-A9E8-4EBF-9DAF-3852BDA214D5}"
EndProject
Project("{9A19103F-16F7-4668-BE54-9A1E7A4F7556}") = "GEMEscolar.Infra", "..\Infra\GEMChuch.Infra\GEMEscolar.Infra.csproj", "{411B08CE-F564-464D-AC44-5F11774DDA89}"
EndProject
Project("{9A19103F-16F7-4668-BE54-9A1E7A4F7556}") = "GEMEscolar.Core", "..\Infra\GEMChurch.Core\GEMEscolar.Core.csproj", "{1DE31EBD-7712-4701-B810-5C38122CE00A}"
EndProject
Global
	GlobalSection(SolutionConfigurationPlatforms) = preSolution
		Debug|Any CPU = Debug|Any CPU
		Release|Any CPU = Release|Any CPU
	EndGlobalSection
	GlobalSection(ProjectConfigurationPlatforms) = postSolution
		{492E7E45-9F0D-4FEE-BD79-4CDD9A785E7C}.Debug|Any CPU.ActiveCfg = Debug|Any CPU
		{492E7E45-9F0D-4FEE-BD79-4CDD9A785E7C}.Debug|Any CPU.Build.0 = Debug|Any CPU
		{492E7E45-9F0D-4FEE-BD79-4CDD9A785E7C}.Release|Any CPU.ActiveCfg = Release|Any CPU
		{492E7E45-9F0D-4FEE-BD79-4CDD9A785E7C}.Release|Any CPU.Build.0 = Release|Any CPU
		{411B08CE-F564-464D-AC44-5F11774DDA89}.Debug|Any CPU.ActiveCfg = Debug|Any CPU
		{411B08CE-F564-464D-AC44-5F11774DDA89}.Debug|Any CPU.Build.0 = Debug|Any CPU
		{411B08CE-F564-464D-AC44-5F11774DDA89}.Release|Any CPU.ActiveCfg = Release|Any CPU
		{411B08CE-F564-464D-AC44-5F11774DDA89}.Release|Any CPU.Build.0 = Release|Any CPU
		{1DE31EBD-7712-4701-B810-5C38122CE00A}.Debug|Any CPU.ActiveCfg = Debug|Any CPU
		{1DE31EBD-7712-4701-B810-5C38122CE00A}.Debug|Any CPU.Build.0 = Debug|Any CPU
		{1DE31EBD-7712-4701-B810-5C38122CE00A}.Release|Any CPU.ActiveCfg = Release|Any CPU
		{1DE31EBD-7712-4701-B810-5C38122CE00A}.Release|Any CPU.Build.0 = Release|Any CPU
	EndGlobalSection
	GlobalSection(SolutionProperties) = preSolution
		HideSolutionNode = FALSE
	EndGlobalSection
	GlobalSection(NestedProjects) = preSolution
		{411B08CE-F564-464D-AC44-5F11774DDA89} = {729034D1-A9E8-4EBF-9DAF-3852BDA214D5}
		{1DE31EBD-7712-4701-B810-5C38122CE00A} = {729034D1-A9E8-4EBF-9DAF-3852BDA214D5}
	EndGlobalSection
	GlobalSection(ExtensibilityGlobals) = postSolution
		SolutionGuid = {4A051ADA-192D-4ABC-B7B1-E153CBB2F878}
	EndGlobalSection
EndGlobal
